
Microsoft Visual Studio Solution File, Format Version 12.00
# Visual Studio Version 17
VisualStudioVersion = 17.9.34728.123
MinimumVisualStudioVersion = 10.0.40219.1
Project("{FAE04EC0-301F-11D3-BF4B-00C04F79EFBC}") = "EjercicioInterfaces", "EjercicioInterfaces\EjercicioInterfaces.csproj", "{4FD8AC02-B062-4B4C-9371-38D00843A1AE}"
EndProject
Global
	GlobalSection(SolutionConfigurationPlatforms) = preSolution
		Debug|Any CPU = Debug|Any CPU
		Release|Any CPU = Release|Any CPU
	EndGlobalSection
	GlobalSection(ProjectConfigurationPlatforms) = postSolution
		{4FD8AC02-B062-4B4C-9371-38D00843A1AE}.Debug|Any CPU.ActiveCfg = Debug|Any CPU
		{4FD8AC02-B062-4B4C-9371-38D00843A1AE}.Debug|Any CPU.Build.0 = Debug|Any CPU
		{4FD8AC02-B062-4B4C-9371-38D00843A1AE}.Release|Any CPU.ActiveCfg = Release|Any CPU
		{4FD8AC02-B062-4B4C-9371-38D00843A1AE}.Release|Any CPU.Build.0 = Release|Any CPU
	EndGlobalSection
	GlobalSection(SolutionProperties) = preSolution
		HideSolutionNode = FALSE
	EndGlobalSection
	GlobalSection(ExtensibilityGlobals) = postSolution
		SolutionGuid = {5E63AD18-A5EF-4D5C-8C42-773334BD6C09}
	EndGlobalSection
EndGlobal
